{
  "name": "Old Cities Maps",
  "lockfileVersion": 2,
  "requires": true,
  "packages": {
    "": {
      "dependencies": {
        "openseadragon": "^3.1.0"
      }
    },
    "node_modules/openseadragon": {
      "version": "3.1.0",
      "resolved": "https://registry.npmjs.org/openseadragon/-/openseadragon-3.1.0.tgz",
      "integrity": "sha512-0zCbRIWUbCto7xm1tv2ZLEiSl84cDU659W/sfs2zqqTqVRa4CRHzhy7i9nsv6dHA1DryFR8IzjStjmWOqRs9Rg==",
      "funding": {
        "url": "https://opencollective.com/openseadragon"
      }
    }
  },
  "dependencies": {
    "openseadragon": {
      "version": "3.1.0",
      "resolved": "https://registry.npmjs.org/openseadragon/-/openseadragon-3.1.0.tgz",
      "integrity": "sha512-0zCbRIWUbCto7xm1tv2ZLEiSl84cDU659W/sfs2zqqTqVRa4CRHzhy7i9nsv6dHA1DryFR8IzjStjmWOqRs9Rg=="
    }
  }
}
